Microsoft Visual Studio Solution File, Format Version 12.00
# Visual Studio 15
VisualStudioVersion = 15.0.27703.2026
MinimumVisualStudioVersion = 10.0.40219.1
Project("{FAE04EC0-301F-11D3-BF4B-00C04F79EFBC}") = "EncounterPRO.OS.ServerService", "EncounterPROService\EncounterPRO.OS.ServerService.csproj", "{0D15E719-02A8-4F6B-BB64-5C47C7ECF924}"
EndProject
Project("{FAE04EC0-301F-11D3-BF4B-00C04F79EFBC}") = "EncounterPRO.OS.ServerService.Client", "EPSROClient\EncounterPRO.OS.ServerService.Client.csproj", "{F862B8BA-2FF2-4D70-A556-2AF6F39C6193}"
EndProject
Project("{FAE04EC0-301F-11D3-BF4B-00C04F79EFBC}") = "EncounterPRO.OS.ServerService.Lib", "EncounterPROServiceLib\EncounterPRO.OS.ServerService.Lib.csproj", "{A27EC7FC-A903-41D9-B3C1-B715A46B0C8D}"
EndProject
Global
	GlobalSection(SolutionConfigurationPlatforms) = preSolution
		Debug|Any CPU = Debug|Any CPU
		Release|Any CPU = Release|Any CPU
	EndGlobalSection
	GlobalSection(ProjectConfigurationPlatforms) = postSolution
		{0D15E719-02A8-4F6B-BB64-5C47C7ECF924}.Debug|Any CPU.ActiveCfg = Debug|Any CPU
		{0D15E719-02A8-4F6B-BB64-5C47C7ECF924}.Debug|Any CPU.Build.0 = Debug|Any CPU
		{0D15E719-02A8-4F6B-BB64-5C47C7ECF924}.Release|Any CPU.ActiveCfg = Release|Any CPU
		{0D15E719-02A8-4F6B-BB64-5C47C7ECF924}.Release|Any CPU.Build.0 = Release|Any CPU
		{F862B8BA-2FF2-4D70-A556-2AF6F39C6193}.Debug|Any CPU.ActiveCfg = Debug|Any CPU
		{F862B8BA-2FF2-4D70-A556-2AF6F39C6193}.Debug|Any CPU.Build.0 = Debug|Any CPU
		{F862B8BA-2FF2-4D70-A556-2AF6F39C6193}.Release|Any CPU.ActiveCfg = Release|Any CPU
		{F862B8BA-2FF2-4D70-A556-2AF6F39C6193}.Release|Any CPU.Build.0 = Release|Any CPU
		{A27EC7FC-A903-41D9-B3C1-B715A46B0C8D}.Debug|Any CPU.ActiveCfg = Debug|Any CPU
		{A27EC7FC-A903-41D9-B3C1-B715A46B0C8D}.Debug|Any CPU.Build.0 = Debug|Any CPU
		{A27EC7FC-A903-41D9-B3C1-B715A46B0C8D}.Release|Any CPU.ActiveCfg = Release|Any CPU
		{A27EC7FC-A903-41D9-B3C1-B715A46B0C8D}.Release|Any CPU.Build.0 = Release|Any CPU
	EndGlobalSection
	GlobalSection(SolutionProperties) = preSolution
		HideSolutionNode = FALSE
	EndGlobalSection
	GlobalSection(ExtensibilityGlobals) = postSolution
		SolutionGuid = {5DB7F6AC-2010-4D1F-83F9-8F210E86AA6E}
	EndGlobalSection
EndGlobal
